
Microsoft Visual Studio Solution File, Format Version 12.00
# Visual Studio Version 17
VisualStudioVersion = 17.2.32516.85
MinimumVisualStudioVersion = 10.0.40219.1
Project("{FAE04EC0-301F-11D3-BF4B-00C04F79EFBC}") = "AppStore", "AppStore\AppStore.csproj", "{4FC09E79-81AA-4BC3-891E-45F812AA8C40}"
EndProject
Global
	GlobalSection(SolutionConfigurationPlatforms) = preSolution
		Debug|Any CPU = Debug|Any CPU
		Release|Any CPU = Release|Any CPU
	EndGlobalSection
	GlobalSection(ProjectConfigurationPlatforms) = postSolution
		{4FC09E79-81AA-4BC3-891E-45F812AA8C40}.Debug|Any CPU.ActiveCfg = Debug|Any CPU
		{4FC09E79-81AA-4BC3-891E-45F812AA8C40}.Debug|Any CPU.Build.0 = Debug|Any CPU
		{4FC09E79-81AA-4BC3-891E-45F812AA8C40}.Release|Any CPU.ActiveCfg = Release|Any CPU
		{4FC09E79-81AA-4BC3-891E-45F812AA8C40}.Release|Any CPU.Build.0 = Release|Any CPU
	EndGlobalSection
	GlobalSection(SolutionProperties) = preSolution
		HideSolutionNode = FALSE
	EndGlobalSection
	GlobalSection(ExtensibilityGlobals) = postSolution
		SolutionGuid = {F35AC684-F5DF-4711-9E47-61E9F2564999}
	EndGlobalSection
EndGlobal
